
Microsoft Visual Studio Solution File, Format Version 12.00
# Visual Studio 15
VisualStudioVersion = 15.0.26730.3
MinimumVisualStudioVersion = 10.0.40219.1
Project("{FAE04EC0-301F-11D3-BF4B-00C04F79EFBC}") = "ClassToSql", "ClassToSql\ClassToSql.csproj", "{8DFF6F0F-907F-4379-AA9F-1408BF253625}"
EndProject
Global
	GlobalSection(SolutionConfigurationPlatforms) = preSolution
		Debug|Any CPU = Debug|Any CPU
		Release|Any CPU = Release|Any CPU
	EndGlobalSection
	GlobalSection(ProjectConfigurationPlatforms) = postSolution
		{8DFF6F0F-907F-4379-AA9F-1408BF253625}.Debug|Any CPU.ActiveCfg = Debug|Any CPU
		{8DFF6F0F-907F-4379-AA9F-1408BF253625}.Debug|Any CPU.Build.0 = Debug|Any CPU
		{8DFF6F0F-907F-4379-AA9F-1408BF253625}.Release|Any CPU.ActiveCfg = Release|Any CPU
		{8DFF6F0F-907F-4379-AA9F-1408BF253625}.Release|Any CPU.Build.0 = Release|Any CPU
	EndGlobalSection
	GlobalSection(SolutionProperties) = preSolution
		HideSolutionNode = FALSE
	EndGlobalSection
	GlobalSection(ExtensibilityGlobals) = postSolution
		SolutionGuid = {7456AC45-363B-475D-9209-F686D6768A28}
	EndGlobalSection
EndGlobal
